# THIS IS AN AUTOGENERATED FILE. DO NOT EDIT THIS FILE DIRECTLY.
# yarn lockfile v1


rate-limiter-flexible@^2.4.1:
  version "2.4.1"
  resolved "https://registry.yarnpkg.com/rate-limiter-flexible/-/rate-limiter-flexible-2.4.1.tgz#c74cfe36ac2cbfe56f68ded9a3b4b2fde1963c41"
  integrity sha512-dgH4T44TzKVO9CLArNto62hJOwlWJMLUjVVr/ii0uUzZXEXthDNr7/yefW5z/1vvHAfycc1tnuiYyNJ8CTRB3g==

timestring@^7.0.0:
  version "7.0.0"
  resolved "https://registry.yarnpkg.com/timestring/-/timestring-7.0.0.tgz#4099b589387c63fbd1ae76b1e7b20ded836af4b2"
  integrity sha512-U7ttxEdKWqHYJ96OGoJJR5gU8Nwkl3tlY0n7Jr4vcpLD2RkVZLE1Ph9k8ZRrZ7LYX9QCtd3M9OUaR9P8Z37QNg==
